{
  "name": "rest-express",
  "version": "1.0.0",
  "lockfileVersion": 2,
  "requires": true,
  "packages": {
    "": {
      "name": "rest-express",
      "version": "1.0.0",
      "license": "ISC",
      "devDependencies": {
        "vite": "^5.0.0",
        "esbuild": "^0.20.0",
        "@types/node": "^20.0.0"
      }
    }
  }
}